// !$*UTF8*$!
{
	archiveVersion = 1;
	classes = {
	};
	objectVersion = 56;
	objects = {

/* Begin PBXBuildFile section */
		8440EAE82982B5A0001598C3 /* AppDelegate.swift in Sources */ = {isa = PBXBuildFile; fileRef = 8440EAE72982B5A0001598C3 /* AppDelegate.swift */; };
		8440EAEA2982B5A0001598C3 /* SceneDelegate.swift in Sources */ = {isa = PBXBuildFile; fileRef = 8440EAE92982B5A0001598C3 /* SceneDelegate.swift */; };
		8440EAF12982B5A2001598C3 /* Images.xcassets in Resources */ = {isa = PBXBuildFile; fileRef = 8440EAF02982B5A2001598C3 /* Images.xcassets */; };
		8440EAF42982B5A2001598C3 /* LaunchScreen.storyboard in Resources */ = {isa = PBXBuildFile; fileRef = 8440EAF22982B5A2001598C3 /* LaunchScreen.storyboard */; };
		8440EAFE2982B92F001598C3 /* Colors.xcassets in Resources */ = {isa = PBXBuildFile; fileRef = 8440EAFD2982B92F001598C3 /* Colors.xcassets */; };
		8440EB022982B9E5001598C3 /* XCAssets+Generated.swift in Sources */ = {isa = PBXBuildFile; fileRef = 8440EB012982B9E5001598C3 /* XCAssets+Generated.swift */; };
		8440EB062982BA4F001598C3 /* AppManager.swift in Sources */ = {isa = PBXBuildFile; fileRef = 8440EB052982BA4F001598C3 /* AppManager.swift */; };
		8440EB082982BA71001598C3 /* SceneContainer.swift in Sources */ = {isa = PBXBuildFile; fileRef = 8440EB072982BA71001598C3 /* SceneContainer.swift */; };
		8440EB0F2982BB0C001598C3 /* HomeVC.swift in Sources */ = {isa = PBXBuildFile; fileRef = 8440EB0D2982BB0C001598C3 /* HomeVC.swift */; };
		8440EB102982BB0C001598C3 /* HomeVC.xib in Resources */ = {isa = PBXBuildFile; fileRef = 8440EB0E2982BB0C001598C3 /* HomeVC.xib */; };
		8440EB1D2982BDA2001598C3 /* Demo.xcconfig in Resources */ = {isa = PBXBuildFile; fileRef = 8440EB1C2982BD96001598C3 /* Demo.xcconfig */; };
		8440EB1F2982BDD1001598C3 /* Stage.xcconfig in Resources */ = {isa = PBXBuildFile; fileRef = 8440EB1E2982BDD1001598C3 /* Stage.xcconfig */; };
		8440EB212982BDE1001598C3 /* Live.xcconfig in Resources */ = {isa = PBXBuildFile; fileRef = 8440EB202982BDDF001598C3 /* Live.xcconfig */; };
		8440EB232982BFA1001598C3 /* Environment.swift in Sources */ = {isa = PBXBuildFile; fileRef = 8440EB222982BFA1001598C3 /* Environment.swift */; };
		8440EB372982C307001598C3 /* SwiftMessages in Frameworks */ = {isa = PBXBuildFile; productRef = 8440EB362982C307001598C3 /* SwiftMessages */; };
		8440EB3A2982C32E001598C3 /* MBProgressHUD in Frameworks */ = {isa = PBXBuildFile; productRef = 8440EB392982C32E001598C3 /* MBProgressHUD */; };
		8440EB3D2982C358001598C3 /* Kingfisher in Frameworks */ = {isa = PBXBuildFile; productRef = 8440EB3C2982C358001598C3 /* Kingfisher */; };
		8440EB452982C783001598C3 /* NetworkError.swift in Sources */ = {isa = PBXBuildFile; fileRef = 8440EB442982C783001598C3 /* NetworkError.swift */; };
		8440EB482982C801001598C3 /* MoviesEndPoint.swift in Sources */ = {isa = PBXBuildFile; fileRef = 8440EB472982C801001598C3 /* MoviesEndPoint.swift */; };
		8440EB4B2982CAA1001598C3 /* NetworkManager.swift in Sources */ = {isa = PBXBuildFile; fileRef = 8440EB4A2982CAA1001598C3 /* NetworkManager.swift */; };
		8440EB4E2982CAFD001598C3 /* DataSource.swift in Sources */ = {isa = PBXBuildFile; fileRef = 8440EB4D2982CAFD001598C3 /* DataSource.swift */; };
		8440EB522982CBF0001598C3 /* Movie.swift in Sources */ = {isa = PBXBuildFile; fileRef = 8440EB512982CBEF001598C3 /* Movie.swift */; };
		8440EB552982CC22001598C3 /* ServerResponse.swift in Sources */ = {isa = PBXBuildFile; fileRef = 8440EB542982CC22001598C3 /* ServerResponse.swift */; };
		8440EB5B2982F2C1001598C3 /* BaseViewProtocol.swift in Sources */ = {isa = PBXBuildFile; fileRef = 8440EB5A2982F2C1001598C3 /* BaseViewProtocol.swift */; };
		8440EB5E2982F46F001598C3 /* BaseViewController.swift in Sources */ = {isa = PBXBuildFile; fileRef = 8440EB5D2982F46F001598C3 /* BaseViewController.swift */; };
		8440EB642982F77D001598C3 /* HomeProtocols.swift in Sources */ = {isa = PBXBuildFile; fileRef = 8440EB632982F77D001598C3 /* HomeProtocols.swift */; };
		8440EB672982F80A001598C3 /* HomePresenter.swift in Sources */ = {isa = PBXBuildFile; fileRef = 8440EB662982F80A001598C3 /* HomePresenter.swift */; };
		8440EB6A2982F8AF001598C3 /* BasePresenterProtocol.swift in Sources */ = {isa = PBXBuildFile; fileRef = 8440EB692982F8AF001598C3 /* BasePresenterProtocol.swift */; };
		8440EB6C2982FE91001598C3 /* HomeInteractor.swift in Sources */ = {isa = PBXBuildFile; fileRef = 8440EB6B2982FE91001598C3 /* HomeInteractor.swift */; };
		8440EB6E29830589001598C3 /* HomeRouter.swift in Sources */ = {isa = PBXBuildFile; fileRef = 8440EB6D29830589001598C3 /* HomeRouter.swift */; };
		8440EB742983080D001598C3 /* UITableView+Ext.swift in Sources */ = {isa = PBXBuildFile; fileRef = 8440EB732983080D001598C3 /* UITableView+Ext.swift */; };
		8440EB7729830836001598C3 /* NSObject+Ext.swift in Sources */ = {isa = PBXBuildFile; fileRef = 8440EB7629830836001598C3 /* NSObject+Ext.swift */; };
		8440EB7A298308A4001598C3 /* View+Ext.swift in Sources */ = {isa = PBXBuildFile; fileRef = 8440EB79298308A4001598C3 /* View+Ext.swift */; };
		8440EB7E2983096D001598C3 /* MovieCell.swift in Sources */ = {isa = PBXBuildFile; fileRef = 8440EB7C2983096D001598C3 /* MovieCell.swift */; };
		8440EB7F2983096D001598C3 /* MovieCell.xib in Resources */ = {isa = PBXBuildFile; fileRef = 8440EB7D2983096D001598C3 /* MovieCell.xib */; };
		8440EB8429832B69001598C3 /* Cairo-Bold.ttf in Resources */ = {isa = PBXBuildFile; fileRef = 8440EB8229832B69001598C3 /* Cairo-Bold.ttf */; };
		8440EB8529832B69001598C3 /* Cairo-SemiBold.ttf in Resources */ = {isa = PBXBuildFile; fileRef = 8440EB8329832B69001598C3 /* Cairo-SemiBold.ttf */; };
		8440EB8729832C09001598C3 /* Fonts.swift in Sources */ = {isa = PBXBuildFile; fileRef = 8440EB8629832C09001598C3 /* Fonts.swift */; };
		8440EB8A29832EBB001598C3 /* UIImageView+Ext.swift in Sources */ = {isa = PBXBuildFile; fileRef = 8440EB8929832EBB001598C3 /* UIImageView+Ext.swift */; };
		8440EB90298335B4001598C3 /* MovieDetailsVC.swift in Sources */ = {isa = PBXBuildFile; fileRef = 8440EB8E298335B4001598C3 /* MovieDetailsVC.swift */; };
		8440EB91298335B4001598C3 /* MovieDetailsVC.xib in Resources */ = {isa = PBXBuildFile; fileRef = 8440EB8F298335B4001598C3 /* MovieDetailsVC.xib */; };
		8440EB9429833B13001598C3 /* MovieDetails.swift in Sources */ = {isa = PBXBuildFile; fileRef = 8440EB9329833B13001598C3 /* MovieDetails.swift */; };
		8440EB9729833D00001598C3 /* MovieDetailsProtocols.swift in Sources */ = {isa = PBXBuildFile; fileRef = 8440EB9629833D00001598C3 /* MovieDetailsProtocols.swift */; };
		8440EB9A29833DD4001598C3 /* MovieDetailsInteractor.swift in Sources */ = {isa = PBXBuildFile; fileRef = 8440EB9929833DD4001598C3 /* MovieDetailsInteractor.swift */; };
		84DB235229833F7900ABBC91 /* MovieDetailsPresenter.swift in Sources */ = {isa = PBXBuildFile; fileRef = 84DB235129833F7900ABBC91 /* MovieDetailsPresenter.swift */; };
		84DB23552983409D00ABBC91 /* MovieDetailsRouter.swift in Sources */ = {isa = PBXBuildFile; fileRef = 84DB23542983409D00ABBC91 /* MovieDetailsRouter.swift */; };
		84DB23592983C56100ABBC91 /* Localizable.strings in Resources */ = {isa = PBXBuildFile; fileRef = 84DB23572983C56100ABBC91 /* Localizable.strings */; };
		84DB235B2983C5EC00ABBC91 /* Strings.swift in Sources */ = {isa = PBXBuildFile; fileRef = 84DB235A2983C5EC00ABBC91 /* Strings.swift */; };
		84DB235E2983C8DD00ABBC91 /* Moya in Frameworks */ = {isa = PBXBuildFile; productRef = 84DB235D2983C8DD00ABBC91 /* Moya */; };
/* End PBXBuildFile section */

/* Begin PBXFileReference section */
		8440EAE42982B5A0001598C3 /* YassirMoviesTask.app */ = {isa = PBXFileReference; explicitFileType = wrapper.application; includeInIndex = 0; path = YassirMoviesTask.app; sourceTree = BUILT_PRODUCTS_DIR; };
		8440EAE72982B5A0001598C3 /* AppDelegate.swift */ = {isa = PBXFileReference; lastKnownFileType = sourcecode.swift; path = AppDelegate.swift; sourceTree = "<group>"; };
		8440EAE92982B5A0001598C3 /* SceneDelegate.swift */ = {isa = PBXFileReference; lastKnownFileType = sourcecode.swift; path = SceneDelegate.swift; sourceTree = "<group>"; };
		8440EAF02982B5A2001598C3 /* Images.xcassets */ = {isa = PBXFileReference; lastKnownFileType = folder.assetcatalog; path = Images.xcassets; sourceTree = "<group>"; };
		8440EAF32982B5A2001598C3 /* Base */ = {isa = PBXFileReference; lastKnownFileType = file.storyboard; name = Base; path = Base.lproj/LaunchScreen.storyboard; sourceTree = "<group>"; };
		8440EAF52982B5A2001598C3 /* Info.plist */ = {isa = PBXFileReference; lastKnownFileType = text.plist.xml; path = Info.plist; sourceTree = "<group>"; };
		8440EAFD2982B92F001598C3 /* Colors.xcassets */ = {isa = PBXFileReference; lastKnownFileType = folder.assetcatalog; path = Colors.xcassets; sourceTree = "<group>"; };
		8440EB012982B9E5001598C3 /* XCAssets+Generated.swift */ = {isa = PBXFileReference; fileEncoding = 4; lastKnownFileType = sourcecode.swift; path = "XCAssets+Generated.swift"; sourceTree = "<group>"; };
		8440EB052982BA4F001598C3 /* AppManager.swift */ = {isa = PBXFileReference; lastKnownFileType = sourcecode.swift; path = AppManager.swift; sourceTree = "<group>"; };
		8440EB072982BA71001598C3 /* SceneContainer.swift */ = {isa = PBXFileReference; lastKnownFileType = sourcecode.swift; path = SceneContainer.swift; sourceTree = "<group>"; };
		8440EB0D2982BB0C001598C3 /* HomeVC.swift */ = {isa = PBXFileReference; lastKnownFileType = sourcecode.swift; path = HomeVC.swift; sourceTree = "<group>"; };
		8440EB0E2982BB0C001598C3 /* HomeVC.xib */ = {isa = PBXFileReference; lastKnownFileType = file.xib; path = HomeVC.xib; sourceTree = "<group>"; };
		8440EB1C2982BD96001598C3 /* Demo.xcconfig */ = {isa = PBXFileReference; lastKnownFileType = text.xcconfig; path = Demo.xcconfig; sourceTree = "<group>"; };
		8440EB1E2982BDD1001598C3 /* Stage.xcconfig */ = {isa = PBXFileReference; lastKnownFileType = text.xcconfig; path = Stage.xcconfig; sourceTree = "<group>"; };
		8440EB202982BDDF001598C3 /* Live.xcconfig */ = {isa = PBXFileReference; lastKnownFileType = text.xcconfig; path = Live.xcconfig; sourceTree = "<group>"; };
		8440EB222982BFA1001598C3 /* Environment.swift */ = {isa = PBXFileReference; lastKnownFileType = sourcecode.swift; path = Environment.swift; sourceTree = "<group>"; };
		8440EB442982C783001598C3 /* NetworkError.swift */ = {isa = PBXFileReference; lastKnownFileType = sourcecode.swift; path = NetworkError.swift; sourceTree = "<group>"; };
		8440EB472982C801001598C3 /* MoviesEndPoint.swift */ = {isa = PBXFileReference; lastKnownFileType = sourcecode.swift; path = MoviesEndPoint.swift; sourceTree = "<group>"; };
		8440EB4A2982CAA1001598C3 /* NetworkManager.swift */ = {isa = PBXFileReference; lastKnownFileType = sourcecode.swift; path = NetworkManager.swift; sourceTree = "<group>"; };
		8440EB4D2982CAFD001598C3 /* DataSource.swift */ = {isa = PBXFileReference; lastKnownFileType = sourcecode.swift; path = DataSource.swift; sourceTree = "<group>"; };
		8440EB512982CBEF001598C3 /* Movie.swift */ = {isa = PBXFileReference; lastKnownFileType = sourcecode.swift; path = Movie.swift; sourceTree = "<group>"; };
		8440EB542982CC22001598C3 /* ServerResponse.swift */ = {isa = PBXFileReference; lastKnownFileType = sourcecode.swift; path = ServerResponse.swift; sourceTree = "<group>"; };
		8440EB5A2982F2C1001598C3 /* BaseViewProtocol.swift */ = {isa = PBXFileReference; lastKnownFileType = sourcecode.swift; path = BaseViewProtocol.swift; sourceTree = "<group>"; };
		8440EB5D2982F46F001598C3 /* BaseViewController.swift */ = {isa = PBXFileReference; lastKnownFileType = sourcecode.swift; path = BaseViewController.swift; sourceTree = "<group>"; };
		8440EB632982F77D001598C3 /* HomeProtocols.swift */ = {isa = PBXFileReference; lastKnownFileType = sourcecode.swift; path = HomeProtocols.swift; sourceTree = "<group>"; };
		8440EB662982F80A001598C3 /* HomePresenter.swift */ = {isa = PBXFileReference; lastKnownFileType = sourcecode.swift; path = HomePresenter.swift; sourceTree = "<group>"; };
		8440EB692982F8AF001598C3 /* BasePresenterProtocol.swift */ = {isa = PBXFileReference; lastKnownFileType = sourcecode.swift; path = BasePresenterProtocol.swift; sourceTree = "<group>"; };
		8440EB6B2982FE91001598C3 /* HomeInteractor.swift */ = {isa = PBXFileReference; lastKnownFileType = sourcecode.swift; path = HomeInteractor.swift; sourceTree = "<group>"; };
		8440EB6D29830589001598C3 /* HomeRouter.swift */ = {isa = PBXFileReference; lastKnownFileType = sourcecode.swift; path = HomeRouter.swift; sourceTree = "<group>"; };
		8440EB732983080D001598C3 /* UITableView+Ext.swift */ = {isa = PBXFileReference; lastKnownFileType = sourcecode.swift; path = "UITableView+Ext.swift"; sourceTree = "<group>"; };
		8440EB7629830836001598C3 /* NSObject+Ext.swift */ = {isa = PBXFileReference; lastKnownFileType = sourcecode.swift; path = "NSObject+Ext.swift"; sourceTree = "<group>"; };
		8440EB79298308A4001598C3 /* View+Ext.swift */ = {isa = PBXFileReference; lastKnownFileType = sourcecode.swift; path = "View+Ext.swift"; sourceTree = "<group>"; };
		8440EB7C2983096D001598C3 /* MovieCell.swift */ = {isa = PBXFileReference; lastKnownFileType = sourcecode.swift; path = MovieCell.swift; sourceTree = "<group>"; };
		8440EB7D2983096D001598C3 /* MovieCell.xib */ = {isa = PBXFileReference; lastKnownFileType = file.xib; path = MovieCell.xib; sourceTree = "<group>"; };
		8440EB8229832B69001598C3 /* Cairo-Bold.ttf */ = {isa = PBXFileReference; lastKnownFileType = file; path = "Cairo-Bold.ttf"; sourceTree = "<group>"; };
		8440EB8329832B69001598C3 /* Cairo-SemiBold.ttf */ = {isa = PBXFileReference; lastKnownFileType = file; path = "Cairo-SemiBold.ttf"; sourceTree = "<group>"; };
		8440EB8629832C09001598C3 /* Fonts.swift */ = {isa = PBXFileReference; fileEncoding = 4; lastKnownFileType = sourcecode.swift; path = Fonts.swift; sourceTree = "<group>"; };
		8440EB8929832EBB001598C3 /* UIImageView+Ext.swift */ = {isa = PBXFileReference; lastKnownFileType = sourcecode.swift; path = "UIImageView+Ext.swift"; sourceTree = "<group>"; };
		8440EB8E298335B4001598C3 /* MovieDetailsVC.swift */ = {isa = PBXFileReference; lastKnownFileType = sourcecode.swift; path = MovieDetailsVC.swift; sourceTree = "<group>"; };
		8440EB8F298335B4001598C3 /* MovieDetailsVC.xib */ = {isa = PBXFileReference; lastKnownFileType = file.xib; path = MovieDetailsVC.xib; sourceTree = "<group>"; };
		8440EB9329833B13001598C3 /* MovieDetails.swift */ = {isa = PBXFileReference; lastKnownFileType = sourcecode.swift; path = MovieDetails.swift; sourceTree = "<group>"; };
		8440EB9629833D00001598C3 /* MovieDetailsProtocols.swift */ = {isa = PBXFileReference; lastKnownFileType = sourcecode.swift; path = MovieDetailsProtocols.swift; sourceTree = "<group>"; };
		8440EB9929833DD4001598C3 /* MovieDetailsInteractor.swift */ = {isa = PBXFileReference; lastKnownFileType = sourcecode.swift; path = MovieDetailsInteractor.swift; sourceTree = "<group>"; };
		84DB235129833F7900ABBC91 /* MovieDetailsPresenter.swift */ = {isa = PBXFileReference; lastKnownFileType = sourcecode.swift; path = MovieDetailsPresenter.swift; sourceTree = "<group>"; };
		84DB23542983409D00ABBC91 /* MovieDetailsRouter.swift */ = {isa = PBXFileReference; lastKnownFileType = sourcecode.swift; path = MovieDetailsRouter.swift; sourceTree = "<group>"; };
		84DB23582983C56100ABBC91 /* Base */ = {isa = PBXFileReference; lastKnownFileType = text.plist.strings; name = Base; path = YassirMoviesTask/Resources/Base.lproj/Localizable.strings; sourceTree = SOURCE_ROOT; };
		84DB235A2983C5EC00ABBC91 /* Strings.swift */ = {isa = PBXFileReference; fileEncoding = 4; lastKnownFileType = sourcecode.swift; path = Strings.swift; sourceTree = "<group>"; };
/* End PBXFileReference section */

/* Begin PBXFrameworksBuildPhase section */
		8440EAE12982B5A0001598C3 /* Frameworks */ = {
			isa = PBXFrameworksBuildPhase;
			buildActionMask = 2147483647;
			files = (
				8440EB3D2982C358001598C3 /* Kingfisher in Frameworks */,
				8440EB3A2982C32E001598C3 /* MBProgressHUD in Frameworks */,
				84DB235E2983C8DD00ABBC91 /* Moya in Frameworks */,
				8440EB372982C307001598C3 /* SwiftMessages in Frameworks */,
			);
			runOnlyForDeploymentPostprocessing = 0;
		};
/* End PBXFrameworksBuildPhase section */

/* Begin PBXGroup section */
		8440EADB2982B5A0001598C3 = {
			isa = PBXGroup;
			children = (
				8440EAE62982B5A0001598C3 /* YassirMoviesTask */,
				8440EAE52982B5A0001598C3 /* Products */,
			);
			sourceTree = "<group>";
		};
		8440EAE52982B5A0001598C3 /* Products */ = {
			isa = PBXGroup;
			children = (
				8440EAE42982B5A0001598C3 /* YassirMoviesTask.app */,
			);
			name = Products;
			sourceTree = "<group>";
		};
		8440EAE62982B5A0001598C3 /* YassirMoviesTask */ = {
			isa = PBXGroup;
			children = (
				8440EB122982BC5D001598C3 /* Application */,
				8440EB112982BBF0001598C3 /* Configuration */,
				8440EAFC2982B911001598C3 /* Resources */,
				8440EB032982BA2F001598C3 /* Services */,
				8440EB592982F28F001598C3 /* Base */,
				8440EB092982BAB9001598C3 /* Features */,
				8440EB3E2982C72D001598C3 /* Data */,
				8440EB6F298307BD001598C3 /* Utils */,
			);
			path = YassirMoviesTask;
			sourceTree = "<group>";
		};
		8440EAFC2982B911001598C3 /* Resources */ = {
			isa = PBXGroup;
			children = (
				84DB23562983C53D00ABBC91 /* Localization */,
				8440EAFF2982B949001598C3 /* Assets */,
				8440EB8129832B54001598C3 /* Fonts */,
				8440EAF22982B5A2001598C3 /* LaunchScreen.storyboard */,
			);
			path = Resources;
			sourceTree = "<group>";
		};
		8440EAFF2982B949001598C3 /* Assets */ = {
			isa = PBXGroup;
			children = (
				8440EAF02982B5A2001598C3 /* Images.xcassets */,
				8440EAFD2982B92F001598C3 /* Colors.xcassets */,
				8440EB012982B9E5001598C3 /* XCAssets+Generated.swift */,
			);
			path = Assets;
			sourceTree = "<group>";
		};
		8440EB032982BA2F001598C3 /* Services */ = {
			isa = PBXGroup;
			children = (
				8440EB042982BA36001598C3 /* Navigation */,
			);
			path = Services;
			sourceTree = "<group>";
		};
		8440EB042982BA36001598C3 /* Navigation */ = {
			isa = PBXGroup;
			children = (
				8440EB052982BA4F001598C3 /* AppManager.swift */,
				8440EB072982BA71001598C3 /* SceneContainer.swift */,
			);
			path = Navigation;
			sourceTree = "<group>";
		};
		8440EB092982BAB9001598C3 /* Features */ = {
			isa = PBXGroup;
			children = (
				8440EB0A2982BABF001598C3 /* Home */,
				8440EB8C29833587001598C3 /* Details */,
			);
			path = Features;
			sourceTree = "<group>";
		};
		8440EB0A2982BABF001598C3 /* Home */ = {
			isa = PBXGroup;
			children = (
				8440EB0B2982BAF4001598C3 /* View */,
				8440EB602982F6D3001598C3 /* Interactor */,
				8440EB5F2982F6C7001598C3 /* Presenter */,
				8440EB502982CBE3001598C3 /* Entitiy */,
				8440EB612982F6DD001598C3 /* Router */,
				8440EB622982F6E3001598C3 /* Protocols */,
			);
			path = Home;
			sourceTree = "<group>";
		};
		8440EB0B2982BAF4001598C3 /* View */ = {
			isa = PBXGroup;
			children = (
				8440EB7B29830948001598C3 /* Cell */,
				8440EB0C2982BAFA001598C3 /* VC */,
			);
			path = View;
			sourceTree = "<group>";
		};
		8440EB0C2982BAFA001598C3 /* VC */ = {
			isa = PBXGroup;
			children = (
				8440EB0D2982BB0C001598C3 /* HomeVC.swift */,
				8440EB0E2982BB0C001598C3 /* HomeVC.xib */,
			);
			path = VC;
			sourceTree = "<group>";
		};
		8440EB112982BBF0001598C3 /* Configuration */ = {
			isa = PBXGroup;
			children = (
				8440EB1B2982BD7D001598C3 /* Environments */,
				8440EAF52982B5A2001598C3 /* Info.plist */,
			);
			path = Configuration;
			sourceTree = "<group>";
		};
		8440EB122982BC5D001598C3 /* Application */ = {
			isa = PBXGroup;
			children = (
				8440EAE72982B5A0001598C3 /* AppDelegate.swift */,
				8440EAE92982B5A0001598C3 /* SceneDelegate.swift */,
			);
			path = Application;
			sourceTree = "<group>";
		};
		8440EB1B2982BD7D001598C3 /* Environments */ = {
			isa = PBXGroup;
			children = (
				8440EB1C2982BD96001598C3 /* Demo.xcconfig */,
				8440EB1E2982BDD1001598C3 /* Stage.xcconfig */,
				8440EB202982BDDF001598C3 /* Live.xcconfig */,
				8440EB222982BFA1001598C3 /* Environment.swift */,
			);
			path = Environments;
			sourceTree = "<group>";
		};
		8440EB3E2982C72D001598C3 /* Data */ = {
			isa = PBXGroup;
			children = (
				8440EB532982CC12001598C3 /* Response */,
				8440EB4C2982CAEE001598C3 /* DataSource */,
				8440EB422982C766001598C3 /* Network */,
			);
			path = Data;
			sourceTree = "<group>";
		};
		8440EB3F2982C73F001598C3 /* Error */ = {
			isa = PBXGroup;
			children = (
				8440EB442982C783001598C3 /* NetworkError.swift */,
			);
			path = Error;
			sourceTree = "<group>";
		};
		8440EB402982C744001598C3 /* EndPoints */ = {
			isa = PBXGroup;
			children = (
				8440EB472982C801001598C3 /* MoviesEndPoint.swift */,
			);
			path = EndPoints;
			sourceTree = "<group>";
		};
		8440EB412982C74E001598C3 /* Manager */ = {
			isa = PBXGroup;
			children = (
				8440EB4A2982CAA1001598C3 /* NetworkManager.swift */,
			);
			path = Manager;
			sourceTree = "<group>";
		};
		8440EB422982C766001598C3 /* Network */ = {
			isa = PBXGroup;
			children = (
				8440EB412982C74E001598C3 /* Manager */,
				8440EB402982C744001598C3 /* EndPoints */,
				8440EB3F2982C73F001598C3 /* Error */,
			);
			path = Network;
			sourceTree = "<group>";
		};
		8440EB4C2982CAEE001598C3 /* DataSource */ = {
			isa = PBXGroup;
			children = (
				8440EB4D2982CAFD001598C3 /* DataSource.swift */,
			);
			path = DataSource;
			sourceTree = "<group>";
		};
		8440EB502982CBE3001598C3 /* Entitiy */ = {
			isa = PBXGroup;
			children = (
				8440EB512982CBEF001598C3 /* Movie.swift */,
			);
			path = Entitiy;
			sourceTree = "<group>";
		};
		8440EB532982CC12001598C3 /* Response */ = {
			isa = PBXGroup;
			children = (
				8440EB542982CC22001598C3 /* ServerResponse.swift */,
			);
			path = Response;
			sourceTree = "<group>";
		};
		8440EB592982F28F001598C3 /* Base */ = {
			isa = PBXGroup;
			children = (
				8440EB682982F892001598C3 /* Presenter */,
				8440EB5C2982F458001598C3 /* View */,
			);
			path = Base;
			sourceTree = "<group>";
		};
		8440EB5C2982F458001598C3 /* View */ = {
			isa = PBXGroup;
			children = (
				8440EB5A2982F2C1001598C3 /* BaseViewProtocol.swift */,
				8440EB5D2982F46F001598C3 /* BaseViewController.swift */,
			);
			path = View;
			sourceTree = "<group>";
		};
		8440EB5F2982F6C7001598C3 /* Presenter */ = {
			isa = PBXGroup;
			children = (
				8440EB662982F80A001598C3 /* HomePresenter.swift */,
			);
			path = Presenter;
			sourceTree = "<group>";
		};
		8440EB602982F6D3001598C3 /* Interactor */ = {
			isa = PBXGroup;
			children = (
				8440EB6B2982FE91001598C3 /* HomeInteractor.swift */,
			);
			path = Interactor;
			sourceTree = "<group>";
		};
		8440EB612982F6DD001598C3 /* Router */ = {
			isa = PBXGroup;
			children = (
				8440EB6D29830589001598C3 /* HomeRouter.swift */,
			);
			path = Router;
			sourceTree = "<group>";
		};
		8440EB622982F6E3001598C3 /* Protocols */ = {
			isa = PBXGroup;
			children = (
				8440EB632982F77D001598C3 /* HomeProtocols.swift */,
			);
			path = Protocols;
			sourceTree = "<group>";
		};
		8440EB682982F892001598C3 /* Presenter */ = {
			isa = PBXGroup;
			children = (
				8440EB692982F8AF001598C3 /* BasePresenterProtocol.swift */,
			);
			path = Presenter;
			sourceTree = "<group>";
		};
		8440EB6F298307BD001598C3 /* Utils */ = {
			isa = PBXGroup;
			children = (
				8440EB71298307D4001598C3 /* Extensions */,
			);
			path = Utils;
			sourceTree = "<group>";
		};
		8440EB71298307D4001598C3 /* Extensions */ = {
			isa = PBXGroup;
			children = (
				8440EB8829832EA7001598C3 /* UIImageView */,
				8440EB7829830895001598C3 /* View */,
				8440EB7529830825001598C3 /* NSObject */,
				8440EB72298307DB001598C3 /* UITableView */,
			);
			path = Extensions;
			sourceTree = "<group>";
		};
		8440EB72298307DB001598C3 /* UITableView */ = {
			isa = PBXGroup;
			children = (
				8440EB732983080D001598C3 /* UITableView+Ext.swift */,
			);
			path = UITableView;
			sourceTree = "<group>";
		};
		8440EB7529830825001598C3 /* NSObject */ = {
			isa = PBXGroup;
			children = (
				8440EB7629830836001598C3 /* NSObject+Ext.swift */,
			);
			path = NSObject;
			sourceTree = "<group>";
		};
		8440EB7829830895001598C3 /* View */ = {
			isa = PBXGroup;
			children = (
				8440EB79298308A4001598C3 /* View+Ext.swift */,
			);
			path = View;
			sourceTree = "<group>";
		};
		8440EB7B29830948001598C3 /* Cell */ = {
			isa = PBXGroup;
			children = (
				8440EB7C2983096D001598C3 /* MovieCell.swift */,
				8440EB7D2983096D001598C3 /* MovieCell.xib */,
			);
			path = Cell;
			sourceTree = "<group>";
		};
		8440EB8129832B54001598C3 /* Fonts */ = {
			isa = PBXGroup;
			children = (
				8440EB8229832B69001598C3 /* Cairo-Bold.ttf */,
				8440EB8329832B69001598C3 /* Cairo-SemiBold.ttf */,
				8440EB8629832C09001598C3 /* Fonts.swift */,
			);
			path = Fonts;
			sourceTree = "<group>";
		};
		8440EB8829832EA7001598C3 /* UIImageView */ = {
			isa = PBXGroup;
			children = (
				8440EB8929832EBB001598C3 /* UIImageView+Ext.swift */,
			);
			path = UIImageView;
			sourceTree = "<group>";
		};
		8440EB8C29833587001598C3 /* Details */ = {
			isa = PBXGroup;
			children = (
				8440EB8D29833595001598C3 /* View */,
				8440EB9829833DBD001598C3 /* Interactor */,
				84DB235029833F6400ABBC91 /* Presenter */,
				8440EB9229833B03001598C3 /* Entity */,
				84DB23532983408500ABBC91 /* Router */,
				8440EB9529833CE3001598C3 /* Protocols */,
			);
			path = Details;
			sourceTree = "<group>";
		};
		8440EB8D29833595001598C3 /* View */ = {
			isa = PBXGroup;
			children = (
				8440EB8E298335B4001598C3 /* MovieDetailsVC.swift */,
				8440EB8F298335B4001598C3 /* MovieDetailsVC.xib */,
			);
			path = View;
			sourceTree = "<group>";
		};
		8440EB9229833B03001598C3 /* Entity */ = {
			isa = PBXGroup;
			children = (
				8440EB9329833B13001598C3 /* MovieDetails.swift */,
			);
			path = Entity;
			sourceTree = "<group>";
		};
		8440EB9529833CE3001598C3 /* Protocols */ = {
			isa = PBXGroup;
			children = (
				8440EB9629833D00001598C3 /* MovieDetailsProtocols.swift */,
			);
			path = Protocols;
			sourceTree = "<group>";
		};
		8440EB9829833DBD001598C3 /* Interactor */ = {
			isa = PBXGroup;
			children = (
				8440EB9929833DD4001598C3 /* MovieDetailsInteractor.swift */,
			);
			path = Interactor;
			sourceTree = "<group>";
		};
		84DB235029833F6400ABBC91 /* Presenter */ = {
			isa = PBXGroup;
			children = (
				84DB235129833F7900ABBC91 /* MovieDetailsPresenter.swift */,
			);
			path = Presenter;
			sourceTree = "<group>";
		};
		84DB23532983408500ABBC91 /* Router */ = {
			isa = PBXGroup;
			children = (
				84DB23542983409D00ABBC91 /* MovieDetailsRouter.swift */,
			);
			path = Router;
			sourceTree = "<group>";
		};
		84DB23562983C53D00ABBC91 /* Localization */ = {
			isa = PBXGroup;
			children = (
				84DB23572983C56100ABBC91 /* Localizable.strings */,
				84DB235A2983C5EC00ABBC91 /* Strings.swift */,
			);
			path = Localization;
			sourceTree = "<group>";
		};
/* End PBXGroup section */

/* Begin PBXNativeTarget section */
		8440EAE32982B5A0001598C3 /* YassirMoviesTask */ = {
			isa = PBXNativeTarget;
			buildConfigurationList = 8440EAF82982B5A2001598C3 /* Build configuration list for PBXNativeTarget "YassirMoviesTask" */;
			buildPhases = (
				8440EAE02982B5A0001598C3 /* Sources */,
				8440EAE12982B5A0001598C3 /* Frameworks */,
				8440EAE22982B5A0001598C3 /* Resources */,
				8440EAFB2982B829001598C3 /* SwiftLint */,
				8440EB002982B99F001598C3 /* SwiftGen */,
			);
			buildRules = (
			);
			dependencies = (
			);
			name = YassirMoviesTask;
			packageProductDependencies = (
				8440EB362982C307001598C3 /* SwiftMessages */,
				8440EB392982C32E001598C3 /* MBProgressHUD */,
				8440EB3C2982C358001598C3 /* Kingfisher */,
				84DB235D2983C8DD00ABBC91 /* Moya */,
			);
			productName = YassirMoviesTask;
			productReference = 8440EAE42982B5A0001598C3 /* YassirMoviesTask.app */;
			productType = "com.apple.product-type.application";
		};
/* End PBXNativeTarget section */

/* Begin PBXProject section */
		8440EADC2982B5A0001598C3 /* Project object */ = {
			isa = PBXProject;
			attributes = {
				BuildIndependentTargetsInParallel = 1;
				LastSwiftUpdateCheck = 1400;
				LastUpgradeCheck = 1400;
				TargetAttributes = {
					8440EAE32982B5A0001598C3 = {
						CreatedOnToolsVersion = 14.0;
					};
				};
			};
			buildConfigurationList = 8440EADF2982B5A0001598C3 /* Build configuration list for PBXProject "YassirMoviesTask" */;
			compatibilityVersion = "Xcode 14.0";
			developmentRegion = en;
			hasScannedForEncodings = 0;
			knownRegions = (
				en,
				Base,
			);
			mainGroup = 8440EADB2982B5A0001598C3;
			packageReferences = (
				8440EB352982C307001598C3 /* XCRemoteSwiftPackageReference "SwiftMessages" */,
				8440EB382982C32E001598C3 /* XCRemoteSwiftPackageReference "MBProgressHUD" */,
				8440EB3B2982C358001598C3 /* XCRemoteSwiftPackageReference "Kingfisher" */,
				84DB235C2983C8DD00ABBC91 /* XCRemoteSwiftPackageReference "Moya" */,
			);
			productRefGroup = 8440EAE52982B5A0001598C3 /* Products */;
			projectDirPath = "";
			projectRoot = "";
			targets = (
				8440EAE32982B5A0001598C3 /* YassirMoviesTask */,
			);
		};
/* End PBXProject section */

/* Begin PBXResourcesBuildPhase section */
		8440EAE22982B5A0001598C3 /* Resources */ = {
			isa = PBXResourcesBuildPhase;
			buildActionMask = 2147483647;
			files = (
				8440EAF42982B5A2001598C3 /* LaunchScreen.storyboard in Resources */,
				84DB23592983C56100ABBC91 /* Localizable.strings in Resources */,
				8440EAFE2982B92F001598C3 /* Colors.xcassets in Resources */,
				8440EB8529832B69001598C3 /* Cairo-SemiBold.ttf in Resources */,
				8440EB1D2982BDA2001598C3 /* Demo.xcconfig in Resources */,
				8440EB1F2982BDD1001598C3 /* Stage.xcconfig in Resources */,
				8440EB102982BB0C001598C3 /* HomeVC.xib in Resources */,
				8440EB212982BDE1001598C3 /* Live.xcconfig in Resources */,
				8440EB7F2983096D001598C3 /* MovieCell.xib in Resources */,
				8440EB8429832B69001598C3 /* Cairo-Bold.ttf in Resources */,
				8440EB91298335B4001598C3 /* MovieDetailsVC.xib in Resources */,
				8440EAF12982B5A2001598C3 /* Images.xcassets in Resources */,
			);
			runOnlyForDeploymentPostprocessing = 0;
		};
/* End PBXResourcesBuildPhase section */

/* Begin PBXShellScriptBuildPhase section */
		8440EAFB2982B829001598C3 /* SwiftLint */ = {
			isa = PBXShellScriptBuildPhase;
			alwaysOutOfDate = 1;
			buildActionMask = 2147483647;
			files = (
			);
			inputFileListPaths = (
			);
			inputPaths = (
			);
			name = SwiftLint;
			outputFileListPaths = (
			);
			outputPaths = (
			);
			runOnlyForDeploymentPostprocessing = 0;
			shellPath = /bin/sh;
			shellScript = "if which swiftlint >/dev/null; then\n  swiftlint\nelse\n  echo \"warning: SwiftLint not installed, download from https://github.com/realm/SwiftLint\"\nfi\n\n";
		};
		8440EB002982B99F001598C3 /* SwiftGen */ = {
			isa = PBXShellScriptBuildPhase;
			alwaysOutOfDate = 1;
			buildActionMask = 2147483647;
			files = (
			);
			inputFileListPaths = (
			);
			inputPaths = (
			);
			name = SwiftGen;
			outputFileListPaths = (
			);
			outputPaths = (
			);
			runOnlyForDeploymentPostprocessing = 0;
			shellPath = /bin/sh;
			shellScript = "swiftgen\n";
		};
/* End PBXShellScriptBuildPhase section */

/* Begin PBXSourcesBuildPhase section */
		8440EAE02982B5A0001598C3 /* Sources */ = {
			isa = PBXSourcesBuildPhase;
			buildActionMask = 2147483647;
			files = (
				8440EB0F2982BB0C001598C3 /* HomeVC.swift in Sources */,
				84DB235B2983C5EC00ABBC91 /* Strings.swift in Sources */,
				8440EB6C2982FE91001598C3 /* HomeInteractor.swift in Sources */,
				8440EB7E2983096D001598C3 /* MovieCell.swift in Sources */,
				8440EB452982C783001598C3 /* NetworkError.swift in Sources */,
				8440EB522982CBF0001598C3 /* Movie.swift in Sources */,
				84DB235229833F7900ABBC91 /* MovieDetailsPresenter.swift in Sources */,
				8440EB552982CC22001598C3 /* ServerResponse.swift in Sources */,
				8440EB8729832C09001598C3 /* Fonts.swift in Sources */,
				8440EB4B2982CAA1001598C3 /* NetworkManager.swift in Sources */,
				8440EB8A29832EBB001598C3 /* UIImageView+Ext.swift in Sources */,
				8440EB5E2982F46F001598C3 /* BaseViewController.swift in Sources */,
				8440EB062982BA4F001598C3 /* AppManager.swift in Sources */,
				8440EB6A2982F8AF001598C3 /* BasePresenterProtocol.swift in Sources */,
				8440EB6E29830589001598C3 /* HomeRouter.swift in Sources */,
				8440EB482982C801001598C3 /* MoviesEndPoint.swift in Sources */,
				8440EB7729830836001598C3 /* NSObject+Ext.swift in Sources */,
				8440EB9429833B13001598C3 /* MovieDetails.swift in Sources */,
				8440EB7A298308A4001598C3 /* View+Ext.swift in Sources */,
				8440EB082982BA71001598C3 /* SceneContainer.swift in Sources */,
				8440EB232982BFA1001598C3 /* Environment.swift in Sources */,
				8440EAE82982B5A0001598C3 /* AppDelegate.swift in Sources */,
				8440EB672982F80A001598C3 /* HomePresenter.swift in Sources */,
				8440EB9729833D00001598C3 /* MovieDetailsProtocols.swift in Sources */,
				8440EAEA2982B5A0001598C3 /* SceneDelegate.swift in Sources */,
				8440EB642982F77D001598C3 /* HomeProtocols.swift in Sources */,
				8440EB9A29833DD4001598C3 /* MovieDetailsInteractor.swift in Sources */,
				84DB23552983409D00ABBC91 /* MovieDetailsRouter.swift in Sources */,
				8440EB5B2982F2C1001598C3 /* BaseViewProtocol.swift in Sources */,
				8440EB90298335B4001598C3 /* MovieDetailsVC.swift in Sources */,
				8440EB742983080D001598C3 /* UITableView+Ext.swift in Sources */,
				8440EB4E2982CAFD001598C3 /* DataSource.swift in Sources */,
				8440EB022982B9E5001598C3 /* XCAssets+Generated.swift in Sources */,
			);
			runOnlyForDeploymentPostprocessing = 0;
		};
/* End PBXSourcesBuildPhase section */

/* Begin PBXVariantGroup section */
		8440EAF22982B5A2001598C3 /* LaunchScreen.storyboard */ = {
			isa = PBXVariantGroup;
			children = (
				8440EAF32982B5A2001598C3 /* Base */,
			);
			name = LaunchScreen.storyboard;
			sourceTree = "<group>";
		};
		84DB23572983C56100ABBC91 /* Localizable.strings */ = {
			isa = PBXVariantGroup;
			children = (
				84DB23582983C56100ABBC91 /* Base */,
			);
			name = Localizable.strings;
			sourceTree = "<group>";
		};
/* End PBXVariantGroup section */

/* Begin XCBuildConfiguration section */
		8440EAF62982B5A2001598C3 /* Debug Demo */ = {
			isa = XCBuildConfiguration;
			baseConfigurationReference = 8440EB1C2982BD96001598C3 /* Demo.xcconfig */;
			buildSettings = {
				ALWAYS_SEARCH_USER_PATHS = NO;
				CLANG_ANALYZER_NONNULL = YES;
				CLANG_ANALYZER_NUMBER_OBJECT_CONVERSION = YES_AGGRESSIVE;
				CLANG_CXX_LANGUAGE_STANDARD = "gnu++20";
				CLANG_ENABLE_MODULES = YES;
				CLANG_ENABLE_OBJC_ARC = YES;
				CLANG_ENABLE_OBJC_WEAK = YES;
				CLANG_WARN_BLOCK_CAPTURE_AUTORELEASING = YES;
				CLANG_WARN_BOOL_CONVERSION = YES;
				CLANG_WARN_COMMA = YES;
				CLANG_WARN_CONSTANT_CONVERSION = YES;
				CLANG_WARN_DEPRECATED_OBJC_IMPLEMENTATIONS = YES;
				CLANG_WARN_DIRECT_OBJC_ISA_USAGE = YES_ERROR;
				CLANG_WARN_DOCUMENTATION_COMMENTS = YES;
				CLANG_WARN_EMPTY_BODY = YES;
				CLANG_WARN_ENUM_CONVERSION = YES;
				CLANG_WARN_INFINITE_RECURSION = YES;
				CLANG_WARN_INT_CONVERSION = YES;
				CLANG_WARN_NON_LITERAL_NULL_CONVERSION = YES;
				CLANG_WARN_OBJC_IMPLICIT_RETAIN_SELF = YES;
				CLANG_WARN_OBJC_LITERAL_CONVERSION = YES;
				CLANG_WARN_OBJC_ROOT_CLASS = YES_ERROR;
				CLANG_WARN_QUOTED_INCLUDE_IN_FRAMEWORK_HEADER = YES;
				CLANG_WARN_RANGE_LOOP_ANALYSIS = YES;
				CLANG_WARN_STRICT_PROTOTYPES = YES;
				CLANG_WARN_SUSPICIOUS_MOVE = YES;
				CLANG_WARN_UNGUARDED_AVAILABILITY = YES_AGGRESSIVE;
				CLANG_WARN_UNREACHABLE_CODE = YES;
				CLANG_WARN__DUPLICATE_METHOD_MATCH = YES;
				COPY_PHASE_STRIP = NO;
				DEBUG_INFORMATION_FORMAT = dwarf;
				ENABLE_STRICT_OBJC_MSGSEND = YES;
				ENABLE_TESTABILITY = YES;
				GCC_C_LANGUAGE_STANDARD = gnu11;
				GCC_DYNAMIC_NO_PIC = NO;
				GCC_NO_COMMON_BLOCKS = YES;
				GCC_OPTIMIZATION_LEVEL = 0;
				GCC_PREPROCESSOR_DEFINITIONS = (
					"DEBUG=1",
					"$(inherited)",
				);
				GCC_WARN_64_TO_32_BIT_CONVERSION = YES;
				GCC_WARN_ABOUT_RETURN_TYPE = YES_ERROR;
				GCC_WARN_UNDECLARED_SELECTOR = YES;
				GCC_WARN_UNINITIALIZED_AUTOS = YES_AGGRESSIVE;
				GCC_WARN_UNUSED_FUNCTION = YES;
				GCC_WARN_UNUSED_VARIABLE = YES;
				IPHONEOS_DEPLOYMENT_TARGET = 16.0;
				MTL_ENABLE_DEBUG_INFO = INCLUDE_SOURCE;
				MTL_FAST_MATH = YES;
				ONLY_ACTIVE_ARCH = YES;
				SDKROOT = iphoneos;
				SWIFT_ACTIVE_COMPILATION_CONDITIONS = DEBUG;
				SWIFT_OPTIMIZATION_LEVEL = "-Onone";
			};
			name = "Debug Demo";
		};
		8440EAF72982B5A2001598C3 /* Release Demo */ = {
			isa = XCBuildConfiguration;
			baseConfigurationReference = 8440EB1C2982BD96001598C3 /* Demo.xcconfig */;
			buildSettings = {
				ALWAYS_SEARCH_USER_PATHS = NO;
				CLANG_ANALYZER_NONNULL = YES;
				CLANG_ANALYZER_NUMBER_OBJECT_CONVERSION = YES_AGGRESSIVE;
				CLANG_CXX_LANGUAGE_STANDARD = "gnu++20";
				CLANG_ENABLE_MODULES = YES;
				CLANG_ENABLE_OBJC_ARC = YES;
				CLANG_ENABLE_OBJC_WEAK = YES;
				CLANG_WARN_BLOCK_CAPTURE_AUTORELEASING = YES;
				CLANG_WARN_BOOL_CONVERSION = YES;
				CLANG_WARN_COMMA = YES;
				CLANG_WARN_CONSTANT_CONVERSION = YES;
				CLANG_WARN_DEPRECATED_OBJC_IMPLEMENTATIONS = YES;
				CLANG_WARN_DIRECT_OBJC_ISA_USAGE = YES_ERROR;
				CLANG_WARN_DOCUMENTATION_COMMENTS = YES;
				CLANG_WARN_EMPTY_BODY = YES;
				CLANG_WARN_ENUM_CONVERSION = YES;
				CLANG_WARN_INFINITE_RECURSION = YES;
				CLANG_WARN_INT_CONVERSION = YES;
				CLANG_WARN_NON_LITERAL_NULL_CONVERSION = YES;
				CLANG_WARN_OBJC_IMPLICIT_RETAIN_SELF = YES;
				CLANG_WARN_OBJC_LITERAL_CONVERSION = YES;
				CLANG_WARN_OBJC_ROOT_CLASS = YES_ERROR;
				CLANG_WARN_QUOTED_INCLUDE_IN_FRAMEWORK_HEADER = YES;
				CLANG_WARN_RANGE_LOOP_ANALYSIS = YES;
				CLANG_WARN_STRICT_PROTOTYPES = YES;
				CLANG_WARN_SUSPICIOUS_MOVE = YES;
				CLANG_WARN_UNGUARDED_AVAILABILITY = YES_AGGRESSIVE;
				CLANG_WARN_UNREACHABLE_CODE = YES;
				CLANG_WARN__DUPLICATE_METHOD_MATCH = YES;
				COPY_PHASE_STRIP = NO;
				DEBUG_INFORMATION_FORMAT = "dwarf-with-dsym";
				ENABLE_NS_ASSERTIONS = NO;
				ENABLE_STRICT_OBJC_MSGSEND = YES;
				GCC_C_LANGUAGE_STANDARD = gnu11;
				GCC_NO_COMMON_BLOCKS = YES;
				GCC_WARN_64_TO_32_BIT_CONVERSION = YES;
				GCC_WARN_ABOUT_RETURN_TYPE = YES_ERROR;
				GCC_WARN_UNDECLARED_SELECTOR = YES;
				GCC_WARN_UNINITIALIZED_AUTOS = YES_AGGRESSIVE;
				GCC_WARN_UNUSED_FUNCTION = YES;
				GCC_WARN_UNUSED_VARIABLE = YES;
				IPHONEOS_DEPLOYMENT_TARGET = 16.0;
				MTL_ENABLE_DEBUG_INFO = NO;
				MTL_FAST_MATH = YES;
				SDKROOT = iphoneos;
				SWIFT_COMPILATION_MODE = wholemodule;
				SWIFT_OPTIMIZATION_LEVEL = "-O";
				VALIDATE_PRODUCT = YES;
			};
			name = "Release Demo";
		};
		8440EAF92982B5A2001598C3 /* Debug Demo */ = {
			isa = XCBuildConfiguration;
			buildSettings = {
				ASSETCATALOG_COMPILER_APPICON_NAME = AppIcon;
				ASSETCATALOG_COMPILER_GLOBAL_ACCENT_COLOR_NAME = AccentColor;
				CODE_SIGN_STYLE = Automatic;
				CURRENT_PROJECT_VERSION = 1;
				DEVELOPMENT_TEAM = C3285PZR24;
				GENERATE_INFOPLIST_FILE = YES;
				INFOPLIST_FILE = YassirMoviesTask/Configuration/Info.plist;
				INFOPLIST_KEY_UIApplicationSupportsIndirectInputEvents = YES;
				INFOPLIST_KEY_UILaunchStoryboardName = LaunchScreen;
				INFOPLIST_KEY_UISupportedInterfaceOrientations_iPad = "UIInterfaceOrientationPortrait UIInterfaceOrientationPortraitUpsideDown UIInterfaceOrientationLandscapeLeft UIInterfaceOrientationLandscapeRight";
				INFOPLIST_KEY_UISupportedInterfaceOrientations_iPhone = "UIInterfaceOrientationPortrait UIInterfaceOrientationLandscapeLeft UIInterfaceOrientationLandscapeRight";
				LD_RUNPATH_SEARCH_PATHS = (
					"$(inherited)",
					"@executable_path/Frameworks",
				);
				MARKETING_VERSION = 1.0;
				PRODUCT_BUNDLE_IDENTIFIER = com.yassir.YassirMoviesTask;
				PRODUCT_NAME = "$(TARGET_NAME)";
				SWIFT_EMIT_LOC_STRINGS = YES;
				SWIFT_VERSION = 5.0;
				TARGETED_DEVICE_FAMILY = "1,2";
			};
			name = "Debug Demo";
		};
		8440EAFA2982B5A2001598C3 /* Release Demo */ = {
			isa = XCBuildConfiguration;
			buildSettings = {
				ASSETCATALOG_COMPILER_APPICON_NAME = AppIcon;
				ASSETCATALOG_COMPILER_GLOBAL_ACCENT_COLOR_NAME = AccentColor;
				CODE_SIGN_STYLE = Automatic;
				CURRENT_PROJECT_VERSION = 1;
				DEVELOPMENT_TEAM = C3285PZR24;
				GENERATE_INFOPLIST_FILE = YES;
				INFOPLIST_FILE = YassirMoviesTask/Configuration/Info.plist;
				INFOPLIST_KEY_UIApplicationSupportsIndirectInputEvents = YES;
				INFOPLIST_KEY_UILaunchStoryboardName = LaunchScreen;
				INFOPLIST_KEY_UISupportedInterfaceOrientations_iPad = "UIInterfaceOrientationPortrait UIInterfaceOrientationPortraitUpsideDown UIInterfaceOrientationLandscapeLeft UIInterfaceOrientationLandscapeRight";
				INFOPLIST_KEY_UISupportedInterfaceOrientations_iPhone = "UIInterfaceOrientationPortrait UIInterfaceOrientationLandscapeLeft UIInterfaceOrientationLandscapeRight";
				LD_RUNPATH_SEARCH_PATHS = (
					"$(inherited)",
					"@executable_path/Frameworks",
				);
				MARKETING_VERSION = 1.0;
				PRODUCT_BUNDLE_IDENTIFIER = com.yassir.YassirMoviesTask;
				PRODUCT_NAME = "$(TARGET_NAME)";
				SWIFT_EMIT_LOC_STRINGS = YES;
				SWIFT_VERSION = 5.0;
				TARGETED_DEVICE_FAMILY = "1,2";
			};
			name = "Release Demo";
		};
		8440EB132982BD37001598C3 /* Debug Live */ = {
			isa = XCBuildConfiguration;
			baseConfigurationReference = 8440EB202982BDDF001598C3 /* Live.xcconfig */;
			buildSettings = {
				ALWAYS_SEARCH_USER_PATHS = NO;
				CLANG_ANALYZER_NONNULL = YES;
				CLANG_ANALYZER_NUMBER_OBJECT_CONVERSION = YES_AGGRESSIVE;
				CLANG_CXX_LANGUAGE_STANDARD = "gnu++20";
				CLANG_ENABLE_MODULES = YES;
				CLANG_ENABLE_OBJC_ARC = YES;
				CLANG_ENABLE_OBJC_WEAK = YES;
				CLANG_WARN_BLOCK_CAPTURE_AUTORELEASING = YES;
				CLANG_WARN_BOOL_CONVERSION = YES;
				CLANG_WARN_COMMA = YES;
				CLANG_WARN_CONSTANT_CONVERSION = YES;
				CLANG_WARN_DEPRECATED_OBJC_IMPLEMENTATIONS = YES;
				CLANG_WARN_DIRECT_OBJC_ISA_USAGE = YES_ERROR;
				CLANG_WARN_DOCUMENTATION_COMMENTS = YES;
				CLANG_WARN_EMPTY_BODY = YES;
				CLANG_WARN_ENUM_CONVERSION = YES;
				CLANG_WARN_INFINITE_RECURSION = YES;
				CLANG_WARN_INT_CONVERSION = YES;
				CLANG_WARN_NON_LITERAL_NULL_CONVERSION = YES;
				CLANG_WARN_OBJC_IMPLICIT_RETAIN_SELF = YES;
				CLANG_WARN_OBJC_LITERAL_CONVERSION = YES;
				CLANG_WARN_OBJC_ROOT_CLASS = YES_ERROR;
				CLANG_WARN_QUOTED_INCLUDE_IN_FRAMEWORK_HEADER = YES;
				CLANG_WARN_RANGE_LOOP_ANALYSIS = YES;
				CLANG_WARN_STRICT_PROTOTYPES = YES;
				CLANG_WARN_SUSPICIOUS_MOVE = YES;
				CLANG_WARN_UNGUARDED_AVAILABILITY = YES_AGGRESSIVE;
				CLANG_WARN_UNREACHABLE_CODE = YES;
				CLANG_WARN__DUPLICATE_METHOD_MATCH = YES;
				COPY_PHASE_STRIP = NO;
				DEBUG_INFORMATION_FORMAT = dwarf;
				ENABLE_STRICT_OBJC_MSGSEND = YES;
				ENABLE_TESTABILITY = YES;
				GCC_C_LANGUAGE_STANDARD = gnu11;
				GCC_DYNAMIC_NO_PIC = NO;
				GCC_NO_COMMON_BLOCKS = YES;
				GCC_OPTIMIZATION_LEVEL = 0;
				GCC_PREPROCESSOR_DEFINITIONS = (
					"DEBUG=1",
					"$(inherited)",
				);
				GCC_WARN_64_TO_32_BIT_CONVERSION = YES;
				GCC_WARN_ABOUT_RETURN_TYPE = YES_ERROR;
				GCC_WARN_UNDECLARED_SELECTOR = YES;
				GCC_WARN_UNINITIALIZED_AUTOS = YES_AGGRESSIVE;
				GCC_WARN_UNUSED_FUNCTION = YES;
				GCC_WARN_UNUSED_VARIABLE = YES;
				IPHONEOS_DEPLOYMENT_TARGET = 16.0;
				MTL_ENABLE_DEBUG_INFO = INCLUDE_SOURCE;
				MTL_FAST_MATH = YES;
				ONLY_ACTIVE_ARCH = YES;
				SDKROOT = iphoneos;
				SWIFT_ACTIVE_COMPILATION_CONDITIONS = DEBUG;
				SWIFT_OPTIMIZATION_LEVEL = "-Onone";
			};
			name = "Debug Live";
		};
		8440EB142982BD37001598C3 /* Debug Live */ = {
			isa = XCBuildConfiguration;
			buildSettings = {
				ASSETCATALOG_COMPILER_APPICON_NAME = AppIcon;
				ASSETCATALOG_COMPILER_GLOBAL_ACCENT_COLOR_NAME = AccentColor;
				CODE_SIGN_STYLE = Automatic;
				CURRENT_PROJECT_VERSION = 1;
				DEVELOPMENT_TEAM = C3285PZR24;
				GENERATE_INFOPLIST_FILE = YES;
				INFOPLIST_FILE = YassirMoviesTask/Configuration/Info.plist;
				INFOPLIST_KEY_UIApplicationSupportsIndirectInputEvents = YES;
				INFOPLIST_KEY_UILaunchStoryboardName = LaunchScreen;
				INFOPLIST_KEY_UISupportedInterfaceOrientations_iPad = "UIInterfaceOrientationPortrait UIInterfaceOrientationPortraitUpsideDown UIInterfaceOrientationLandscapeLeft UIInterfaceOrientationLandscapeRight";
				INFOPLIST_KEY_UISupportedInterfaceOrientations_iPhone = "UIInterfaceOrientationPortrait UIInterfaceOrientationLandscapeLeft UIInterfaceOrientationLandscapeRight";
				LD_RUNPATH_SEARCH_PATHS = (
					"$(inherited)",
					"@executable_path/Frameworks",
				);
				MARKETING_VERSION = 1.0;
				PRODUCT_BUNDLE_IDENTIFIER = com.yassir.YassirMoviesTask;
				PRODUCT_NAME = "$(TARGET_NAME)";
				SWIFT_EMIT_LOC_STRINGS = YES;
				SWIFT_VERSION = 5.0;
				TARGETED_DEVICE_FAMILY = "1,2";
			};
			name = "Debug Live";
		};
		8440EB152982BD39001598C3 /* Debug Stage */ = {
			isa = XCBuildConfiguration;
			baseConfigurationReference = 8440EB1E2982BDD1001598C3 /* Stage.xcconfig */;
			buildSettings = {
				ALWAYS_SEARCH_USER_PATHS = NO;
				CLANG_ANALYZER_NONNULL = YES;
				CLANG_ANALYZER_NUMBER_OBJECT_CONVERSION = YES_AGGRESSIVE;
				CLANG_CXX_LANGUAGE_STANDARD = "gnu++20";
				CLANG_ENABLE_MODULES = YES;
				CLANG_ENABLE_OBJC_ARC = YES;
				CLANG_ENABLE_OBJC_WEAK = YES;
				CLANG_WARN_BLOCK_CAPTURE_AUTORELEASING = YES;
				CLANG_WARN_BOOL_CONVERSION = YES;
				CLANG_WARN_COMMA = YES;
				CLANG_WARN_CONSTANT_CONVERSION = YES;
				CLANG_WARN_DEPRECATED_OBJC_IMPLEMENTATIONS = YES;
				CLANG_WARN_DIRECT_OBJC_ISA_USAGE = YES_ERROR;
				CLANG_WARN_DOCUMENTATION_COMMENTS = YES;
				CLANG_WARN_EMPTY_BODY = YES;
				CLANG_WARN_ENUM_CONVERSION = YES;
				CLANG_WARN_INFINITE_RECURSION = YES;
				CLANG_WARN_INT_CONVERSION = YES;
				CLANG_WARN_NON_LITERAL_NULL_CONVERSION = YES;
				CLANG_WARN_OBJC_IMPLICIT_RETAIN_SELF = YES;
				CLANG_WARN_OBJC_LITERAL_CONVERSION = YES;
				CLANG_WARN_OBJC_ROOT_CLASS = YES_ERROR;
				CLANG_WARN_QUOTED_INCLUDE_IN_FRAMEWORK_HEADER = YES;
				CLANG_WARN_RANGE_LOOP_ANALYSIS = YES;
				CLANG_WARN_STRICT_PROTOTYPES = YES;
				CLANG_WARN_SUSPICIOUS_MOVE = YES;
				CLANG_WARN_UNGUARDED_AVAILABILITY = YES_AGGRESSIVE;
				CLANG_WARN_UNREACHABLE_CODE = YES;
				CLANG_WARN__DUPLICATE_METHOD_MATCH = YES;
				COPY_PHASE_STRIP = NO;
				DEBUG_INFORMATION_FORMAT = dwarf;
				ENABLE_STRICT_OBJC_MSGSEND = YES;
				ENABLE_TESTABILITY = YES;
				GCC_C_LANGUAGE_STANDARD = gnu11;
				GCC_DYNAMIC_NO_PIC = NO;
				GCC_NO_COMMON_BLOCKS = YES;
				GCC_OPTIMIZATION_LEVEL = 0;
				GCC_PREPROCESSOR_DEFINITIONS = (
					"DEBUG=1",
					"$(inherited)",
				);
				GCC_WARN_64_TO_32_BIT_CONVERSION = YES;
				GCC_WARN_ABOUT_RETURN_TYPE = YES_ERROR;
				GCC_WARN_UNDECLARED_SELECTOR = YES;
				GCC_WARN_UNINITIALIZED_AUTOS = YES_AGGRESSIVE;
				GCC_WARN_UNUSED_FUNCTION = YES;
				GCC_WARN_UNUSED_VARIABLE = YES;
				IPHONEOS_DEPLOYMENT_TARGET = 16.0;
				MTL_ENABLE_DEBUG_INFO = INCLUDE_SOURCE;
				MTL_FAST_MATH = YES;
				ONLY_ACTIVE_ARCH = YES;
				SDKROOT = iphoneos;
				SWIFT_ACTIVE_COMPILATION_CONDITIONS = DEBUG;
				SWIFT_OPTIMIZATION_LEVEL = "-Onone";
			};
			name = "Debug Stage";
		};
		8440EB162982BD39001598C3 /* Debug Stage */ = {
			isa = XCBuildConfiguration;
			buildSettings = {
				ASSETCATALOG_COMPILER_APPICON_NAME = AppIcon;
				ASSETCATALOG_COMPILER_GLOBAL_ACCENT_COLOR_NAME = AccentColor;
				CODE_SIGN_STYLE = Automatic;
				CURRENT_PROJECT_VERSION = 1;
				DEVELOPMENT_TEAM = C3285PZR24;
				GENERATE_INFOPLIST_FILE = YES;
				INFOPLIST_FILE = YassirMoviesTask/Configuration/Info.plist;
				INFOPLIST_KEY_UIApplicationSupportsIndirectInputEvents = YES;
				INFOPLIST_KEY_UILaunchStoryboardName = LaunchScreen;
				INFOPLIST_KEY_UISupportedInterfaceOrientations_iPad = "UIInterfaceOrientationPortrait UIInterfaceOrientationPortraitUpsideDown UIInterfaceOrientationLandscapeLeft UIInterfaceOrientationLandscapeRight";
				INFOPLIST_KEY_UISupportedInterfaceOrientations_iPhone = "UIInterfaceOrientationPortrait UIInterfaceOrientationLandscapeLeft UIInterfaceOrientationLandscapeRight";
				LD_RUNPATH_SEARCH_PATHS = (
					"$(inherited)",
					"@executable_path/Frameworks",
				);
				MARKETING_VERSION = 1.0;
				PRODUCT_BUNDLE_IDENTIFIER = com.yassir.YassirMoviesTask;
				PRODUCT_NAME = "$(TARGET_NAME)";
				SWIFT_EMIT_LOC_STRINGS = YES;
				SWIFT_VERSION = 5.0;
				TARGETED_DEVICE_FAMILY = "1,2";
			};
			name = "Debug Stage";
		};
		8440EB172982BD52001598C3 /* Release Stage */ = {
			isa = XCBuildConfiguration;
			baseConfigurationReference = 8440EB1E2982BDD1001598C3 /* Stage.xcconfig */;
			buildSettings = {
				ALWAYS_SEARCH_USER_PATHS = NO;
				CLANG_ANALYZER_NONNULL = YES;
				CLANG_ANALYZER_NUMBER_OBJECT_CONVERSION = YES_AGGRESSIVE;
				CLANG_CXX_LANGUAGE_STANDARD = "gnu++20";
				CLANG_ENABLE_MODULES = YES;
				CLANG_ENABLE_OBJC_ARC = YES;
				CLANG_ENABLE_OBJC_WEAK = YES;
				CLANG_WARN_BLOCK_CAPTURE_AUTORELEASING = YES;
				CLANG_WARN_BOOL_CONVERSION = YES;
				CLANG_WARN_COMMA = YES;
				CLANG_WARN_CONSTANT_CONVERSION = YES;
				CLANG_WARN_DEPRECATED_OBJC_IMPLEMENTATIONS = YES;
				CLANG_WARN_DIRECT_OBJC_ISA_USAGE = YES_ERROR;
				CLANG_WARN_DOCUMENTATION_COMMENTS = YES;
				CLANG_WARN_EMPTY_BODY = YES;
				CLANG_WARN_ENUM_CONVERSION = YES;
				CLANG_WARN_INFINITE_RECURSION = YES;
				CLANG_WARN_INT_CONVERSION = YES;
				CLANG_WARN_NON_LITERAL_NULL_CONVERSION = YES;
				CLANG_WARN_OBJC_IMPLICIT_RETAIN_SELF = YES;
				CLANG_WARN_OBJC_LITERAL_CONVERSION = YES;
				CLANG_WARN_OBJC_ROOT_CLASS = YES_ERROR;
				CLANG_WARN_QUOTED_INCLUDE_IN_FRAMEWORK_HEADER = YES;
				CLANG_WARN_RANGE_LOOP_ANALYSIS = YES;
				CLANG_WARN_STRICT_PROTOTYPES = YES;
				CLANG_WARN_SUSPICIOUS_MOVE = YES;
				CLANG_WARN_UNGUARDED_AVAILABILITY = YES_AGGRESSIVE;
				CLANG_WARN_UNREACHABLE_CODE = YES;
				CLANG_WARN__DUPLICATE_METHOD_MATCH = YES;
				COPY_PHASE_STRIP = NO;
				DEBUG_INFORMATION_FORMAT = "dwarf-with-dsym";
				ENABLE_NS_ASSERTIONS = NO;
				ENABLE_STRICT_OBJC_MSGSEND = YES;
				GCC_C_LANGUAGE_STANDARD = gnu11;
				GCC_NO_COMMON_BLOCKS = YES;
				GCC_WARN_64_TO_32_BIT_CONVERSION = YES;
				GCC_WARN_ABOUT_RETURN_TYPE = YES_ERROR;
				GCC_WARN_UNDECLARED_SELECTOR = YES;
				GCC_WARN_UNINITIALIZED_AUTOS = YES_AGGRESSIVE;
				GCC_WARN_UNUSED_FUNCTION = YES;
				GCC_WARN_UNUSED_VARIABLE = YES;
				IPHONEOS_DEPLOYMENT_TARGET = 16.0;
				MTL_ENABLE_DEBUG_INFO = NO;
				MTL_FAST_MATH = YES;
				SDKROOT = iphoneos;
				SWIFT_COMPILATION_MODE = wholemodule;
				SWIFT_OPTIMIZATION_LEVEL = "-O";
				VALIDATE_PRODUCT = YES;
			};
			name = "Release Stage";
		};
		8440EB182982BD52001598C3 /* Release Stage */ = {
			isa = XCBuildConfiguration;
			buildSettings = {
				ASSETCATALOG_COMPILER_APPICON_NAME = AppIcon;
				ASSETCATALOG_COMPILER_GLOBAL_ACCENT_COLOR_NAME = AccentColor;
				CODE_SIGN_STYLE = Automatic;
				CURRENT_PROJECT_VERSION = 1;
				DEVELOPMENT_TEAM = C3285PZR24;
				GENERATE_INFOPLIST_FILE = YES;
				INFOPLIST_FILE = YassirMoviesTask/Configuration/Info.plist;
				INFOPLIST_KEY_UIApplicationSupportsIndirectInputEvents = YES;
				INFOPLIST_KEY_UILaunchStoryboardName = LaunchScreen;
				INFOPLIST_KEY_UISupportedInterfaceOrientations_iPad = "UIInterfaceOrientationPortrait UIInterfaceOrientationPortraitUpsideDown UIInterfaceOrientationLandscapeLeft UIInterfaceOrientationLandscapeRight";
				INFOPLIST_KEY_UISupportedInterfaceOrientations_iPhone = "UIInterfaceOrientationPortrait UIInterfaceOrientationLandscapeLeft UIInterfaceOrientationLandscapeRight";
				LD_RUNPATH_SEARCH_PATHS = (
					"$(inherited)",
					"@executable_path/Frameworks",
				);
				MARKETING_VERSION = 1.0;
				PRODUCT_BUNDLE_IDENTIFIER = com.yassir.YassirMoviesTask;
				PRODUCT_NAME = "$(TARGET_NAME)";
				SWIFT_EMIT_LOC_STRINGS = YES;
				SWIFT_VERSION = 5.0;
				TARGETED_DEVICE_FAMILY = "1,2";
			};
			name = "Release Stage";
		};
		8440EB192982BD54001598C3 /* Release Live */ = {
			isa = XCBuildConfiguration;
			baseConfigurationReference = 8440EB202982BDDF001598C3 /* Live.xcconfig */;
			buildSettings = {
				ALWAYS_SEARCH_USER_PATHS = NO;
				CLANG_ANALYZER_NONNULL = YES;
				CLANG_ANALYZER_NUMBER_OBJECT_CONVERSION = YES_AGGRESSIVE;
				CLANG_CXX_LANGUAGE_STANDARD = "gnu++20";
				CLANG_ENABLE_MODULES = YES;
				CLANG_ENABLE_OBJC_ARC = YES;
				CLANG_ENABLE_OBJC_WEAK = YES;
				CLANG_WARN_BLOCK_CAPTURE_AUTORELEASING = YES;
				CLANG_WARN_BOOL_CONVERSION = YES;
				CLANG_WARN_COMMA = YES;
				CLANG_WARN_CONSTANT_CONVERSION = YES;
				CLANG_WARN_DEPRECATED_OBJC_IMPLEMENTATIONS = YES;
				CLANG_WARN_DIRECT_OBJC_ISA_USAGE = YES_ERROR;
				CLANG_WARN_DOCUMENTATION_COMMENTS = YES;
				CLANG_WARN_EMPTY_BODY = YES;
				CLANG_WARN_ENUM_CONVERSION = YES;
				CLANG_WARN_INFINITE_RECURSION = YES;
				CLANG_WARN_INT_CONVERSION = YES;
				CLANG_WARN_NON_LITERAL_NULL_CONVERSION = YES;
				CLANG_WARN_OBJC_IMPLICIT_RETAIN_SELF = YES;
				CLANG_WARN_OBJC_LITERAL_CONVERSION = YES;
				CLANG_WARN_OBJC_ROOT_CLASS = YES_ERROR;
				CLANG_WARN_QUOTED_INCLUDE_IN_FRAMEWORK_HEADER = YES;
				CLANG_WARN_RANGE_LOOP_ANALYSIS = YES;
				CLANG_WARN_STRICT_PROTOTYPES = YES;
				CLANG_WARN_SUSPICIOUS_MOVE = YES;
				CLANG_WARN_UNGUARDED_AVAILABILITY = YES_AGGRESSIVE;
				CLANG_WARN_UNREACHABLE_CODE = YES;
				CLANG_WARN__DUPLICATE_METHOD_MATCH = YES;
				COPY_PHASE_STRIP = NO;
				DEBUG_INFORMATION_FORMAT = "dwarf-with-dsym";
				ENABLE_NS_ASSERTIONS = NO;
				ENABLE_STRICT_OBJC_MSGSEND = YES;
				GCC_C_LANGUAGE_STANDARD = gnu11;
				GCC_NO_COMMON_BLOCKS = YES;
				GCC_WARN_64_TO_32_BIT_CONVERSION = YES;
				GCC_WARN_ABOUT_RETURN_TYPE = YES_ERROR;
				GCC_WARN_UNDECLARED_SELECTOR = YES;
				GCC_WARN_UNINITIALIZED_AUTOS = YES_AGGRESSIVE;
				GCC_WARN_UNUSED_FUNCTION = YES;
				GCC_WARN_UNUSED_VARIABLE = YES;
				IPHONEOS_DEPLOYMENT_TARGET = 16.0;
				MTL_ENABLE_DEBUG_INFO = NO;
				MTL_FAST_MATH = YES;
				SDKROOT = iphoneos;
				SWIFT_COMPILATION_MODE = wholemodule;
				SWIFT_OPTIMIZATION_LEVEL = "-O";
				VALIDATE_PRODUCT = YES;
			};
			name = "Release Live";
		};
		8440EB1A2982BD54001598C3 /* Release Live */ = {
			isa = XCBuildConfiguration;
			buildSettings = {
				ASSETCATALOG_COMPILER_APPICON_NAME = AppIcon;
				ASSETCATALOG_COMPILER_GLOBAL_ACCENT_COLOR_NAME = AccentColor;
				CODE_SIGN_STYLE = Automatic;
				CURRENT_PROJECT_VERSION = 1;
				DEVELOPMENT_TEAM = C3285PZR24;
				GENERATE_INFOPLIST_FILE = YES;
				INFOPLIST_FILE = YassirMoviesTask/Configuration/Info.plist;
				INFOPLIST_KEY_UIApplicationSupportsIndirectInputEvents = YES;
				INFOPLIST_KEY_UILaunchStoryboardName = LaunchScreen;
				INFOPLIST_KEY_UISupportedInterfaceOrientations_iPad = "UIInterfaceOrientationPortrait UIInterfaceOrientationPortraitUpsideDown UIInterfaceOrientationLandscapeLeft UIInterfaceOrientationLandscapeRight";
				INFOPLIST_KEY_UISupportedInterfaceOrientations_iPhone = "UIInterfaceOrientationPortrait UIInterfaceOrientationLandscapeLeft UIInterfaceOrientationLandscapeRight";
				LD_RUNPATH_SEARCH_PATHS = (
					"$(inherited)",
					"@executable_path/Frameworks",
				);
				MARKETING_VERSION = 1.0;
				PRODUCT_BUNDLE_IDENTIFIER = com.yassir.YassirMoviesTask;
				PRODUCT_NAME = "$(TARGET_NAME)";
				SWIFT_EMIT_LOC_STRINGS = YES;
				SWIFT_VERSION = 5.0;
				TARGETED_DEVICE_FAMILY = "1,2";
			};
			name = "Release Live";
		};
/* End XCBuildConfiguration section */

/* Begin XCConfigurationList section */
		8440EADF2982B5A0001598C3 /* Build configuration list for PBXProject "YassirMoviesTask" */ = {
			isa = XCConfigurationList;
			buildConfigurations = (
				8440EAF62982B5A2001598C3 /* Debug Demo */,
				8440EB152982BD39001598C3 /* Debug Stage */,
				8440EB132982BD37001598C3 /* Debug Live */,
				8440EAF72982B5A2001598C3 /* Release Demo */,
				8440EB172982BD52001598C3 /* Release Stage */,
				8440EB192982BD54001598C3 /* Release Live */,
			);
			defaultConfigurationIsVisible = 0;
			defaultConfigurationName = "Release Demo";
		};
		8440EAF82982B5A2001598C3 /* Build configuration list for PBXNativeTarget "YassirMoviesTask" */ = {
			isa = XCConfigurationList;
			buildConfigurations = (
				8440EAF92982B5A2001598C3 /* Debug Demo */,
				8440EB162982BD39001598C3 /* Debug Stage */,
				8440EB142982BD37001598C3 /* Debug Live */,
				8440EAFA2982B5A2001598C3 /* Release Demo */,
				8440EB182982BD52001598C3 /* Release Stage */,
				8440EB1A2982BD54001598C3 /* Release Live */,
			);
			defaultConfigurationIsVisible = 0;
			defaultConfigurationName = "Release Demo";
		};
/* End XCConfigurationList section */

/* Begin XCRemoteSwiftPackageReference section */
		8440EB352982C307001598C3 /* XCRemoteSwiftPackageReference "SwiftMessages" */ = {
			isa = XCRemoteSwiftPackageReference;
			repositoryURL = "https://github.com/SwiftKickMobile/SwiftMessages";
			requirement = {
				kind = upToNextMajorVersion;
				minimumVersion = 9.0.0;
			};
		};
		8440EB382982C32E001598C3 /* XCRemoteSwiftPackageReference "MBProgressHUD" */ = {
			isa = XCRemoteSwiftPackageReference;
			repositoryURL = "https://github.com/matej/MBProgressHUD";
			requirement = {
				kind = upToNextMajorVersion;
				minimumVersion = 1.0.0;
			};
		};
		8440EB3B2982C358001598C3 /* XCRemoteSwiftPackageReference "Kingfisher" */ = {
			isa = XCRemoteSwiftPackageReference;
			repositoryURL = "https://github.com/onevcat/Kingfisher.git";
			requirement = {
				kind = upToNextMajorVersion;
				minimumVersion = 7.0.0;
			};
		};
		84DB235C2983C8DD00ABBC91 /* XCRemoteSwiftPackageReference "Moya" */ = {
			isa = XCRemoteSwiftPackageReference;
			repositoryURL = "https://github.com/Moya/Moya";
			requirement = {
				kind = upToNextMajorVersion;
				minimumVersion = 15.0.0;
			};
		};
/* End XCRemoteSwiftPackageReference section */

/* Begin XCSwiftPackageProductDependency section */
		8440EB362982C307001598C3 /* SwiftMessages */ = {
			isa = XCSwiftPackageProductDependency;
			package = 8440EB352982C307001598C3 /* XCRemoteSwiftPackageReference "SwiftMessages" */;
			productName = SwiftMessages;
		};
		8440EB392982C32E001598C3 /* MBProgressHUD */ = {
			isa = XCSwiftPackageProductDependency;
			package = 8440EB382982C32E001598C3 /* XCRemoteSwiftPackageReference "MBProgressHUD" */;
			productName = MBProgressHUD;
		};
		8440EB3C2982C358001598C3 /* Kingfisher */ = {
			isa = XCSwiftPackageProductDependency;
			package = 8440EB3B2982C358001598C3 /* XCRemoteSwiftPackageReference "Kingfisher" */;
			productName = Kingfisher;
		};
		84DB235D2983C8DD00ABBC91 /* Moya */ = {
			isa = XCSwiftPackageProductDependency;
			package = 84DB235C2983C8DD00ABBC91 /* XCRemoteSwiftPackageReference "Moya" */;
			productName = Moya;
		};
/* End XCSwiftPackageProductDependency section */
	};
	rootObject = 8440EADC2982B5A0001598C3 /* Project object */;
}
